
Microsoft Visual Studio Solution File, Format Version 12.00
# Visual Studio 15
VisualStudioVersion = 15.0.28307.1062
MinimumVisualStudioVersion = 10.0.40219.1
Project("{FAE04EC0-301F-11D3-BF4B-00C04F79EFBC}") = "Host", "Host\Host.csproj", "{A59A8FB2-DA3E-4CE3-AFC1-CDF4ABC7F5EA}"
EndProject
Project("{2150E333-8FDC-42A3-9474-1A3956D46DE8}") = "HostLayer", "HostLayer", "{DF6DB06D-C9CC-41C1-A93B-E0D402934CD9}"
EndProject
Project("{2150E333-8FDC-42A3-9474-1A3956D46DE8}") = "ServicesLayer", "ServicesLayer", "{614321AC-EF7F-4437-9A5A-E1D6BD0BF472}"
EndProject
Project("{2150E333-8FDC-42A3-9474-1A3956D46DE8}") = "DataLayer", "DataLayer", "{FDD90DAA-0515-41DA-BE27-616F7BECC0AA}"
EndProject
Project("{2150E333-8FDC-42A3-9474-1A3956D46DE8}") = "DataContracts", "DataContracts", "{256F11E2-88AA-4AF1-B26B-12722FBAE4A0}"
EndProject
Project("{FAE04EC0-301F-11D3-BF4B-00C04F79EFBC}") = "Services", "Services\Services.csproj", "{0831C3BA-251F-4282-BF7A-5AA57A8525B4}"
EndProject
Project("{FAE04EC0-301F-11D3-BF4B-00C04F79EFBC}") = "Entities", "Entities\Entities.csproj", "{411163CA-F882-4613-9652-012CC2064FF8}"
EndProject
Project("{FAE04EC0-301F-11D3-BF4B-00C04F79EFBC}") = "Contracts", "Contracts\Contracts.csproj", "{9094A503-AB4A-4CBC-906E-2EA3568D8EBF}"
EndProject
Project("{FAE04EC0-301F-11D3-BF4B-00C04F79EFBC}") = "Data", "Data\Data.csproj", "{5FE4FB30-6AA4-40D0-BAFC-F418F7586274}"
EndProject
Project("{2150E333-8FDC-42A3-9474-1A3956D46DE8}") = "UnitTesting", "UnitTesting", "{F15CFB2E-E2B4-485D-A9BD-3680E2D40B61}"
EndProject
Project("{FAE04EC0-301F-11D3-BF4B-00C04F79EFBC}") = "UnitTests", "UnitTests\UnitTests.csproj", "{1A3BFCDC-DC04-4749-A4A5-76BF67279932}"
EndProject
Global
	GlobalSection(SolutionConfigurationPlatforms) = preSolution
		Debug|Any CPU = Debug|Any CPU
		Release|Any CPU = Release|Any CPU
	EndGlobalSection
	GlobalSection(ProjectConfigurationPlatforms) = postSolution
		{A59A8FB2-DA3E-4CE3-AFC1-CDF4ABC7F5EA}.Debug|Any CPU.ActiveCfg = Debug|Any CPU
		{A59A8FB2-DA3E-4CE3-AFC1-CDF4ABC7F5EA}.Debug|Any CPU.Build.0 = Debug|Any CPU
		{A59A8FB2-DA3E-4CE3-AFC1-CDF4ABC7F5EA}.Release|Any CPU.ActiveCfg = Release|Any CPU
		{A59A8FB2-DA3E-4CE3-AFC1-CDF4ABC7F5EA}.Release|Any CPU.Build.0 = Release|Any CPU
		{0831C3BA-251F-4282-BF7A-5AA57A8525B4}.Debug|Any CPU.ActiveCfg = Debug|Any CPU
		{0831C3BA-251F-4282-BF7A-5AA57A8525B4}.Debug|Any CPU.Build.0 = Debug|Any CPU
		{0831C3BA-251F-4282-BF7A-5AA57A8525B4}.Release|Any CPU.ActiveCfg = Release|Any CPU
		{0831C3BA-251F-4282-BF7A-5AA57A8525B4}.Release|Any CPU.Build.0 = Release|Any CPU
		{411163CA-F882-4613-9652-012CC2064FF8}.Debug|Any CPU.ActiveCfg = Debug|Any CPU
		{411163CA-F882-4613-9652-012CC2064FF8}.Debug|Any CPU.Build.0 = Debug|Any CPU
		{411163CA-F882-4613-9652-012CC2064FF8}.Release|Any CPU.ActiveCfg = Release|Any CPU
		{411163CA-F882-4613-9652-012CC2064FF8}.Release|Any CPU.Build.0 = Release|Any CPU
		{9094A503-AB4A-4CBC-906E-2EA3568D8EBF}.Debug|Any CPU.ActiveCfg = Debug|Any CPU
		{9094A503-AB4A-4CBC-906E-2EA3568D8EBF}.Debug|Any CPU.Build.0 = Debug|Any CPU
		{9094A503-AB4A-4CBC-906E-2EA3568D8EBF}.Release|Any CPU.ActiveCfg = Release|Any CPU
		{9094A503-AB4A-4CBC-906E-2EA3568D8EBF}.Release|Any CPU.Build.0 = Release|Any CPU
		{5FE4FB30-6AA4-40D0-BAFC-F418F7586274}.Debug|Any CPU.ActiveCfg = Debug|Any CPU
		{5FE4FB30-6AA4-40D0-BAFC-F418F7586274}.Debug|Any CPU.Build.0 = Debug|Any CPU
		{5FE4FB30-6AA4-40D0-BAFC-F418F7586274}.Release|Any CPU.ActiveCfg = Release|Any CPU
		{5FE4FB30-6AA4-40D0-BAFC-F418F7586274}.Release|Any CPU.Build.0 = Release|Any CPU
		{1A3BFCDC-DC04-4749-A4A5-76BF67279932}.Debug|Any CPU.ActiveCfg = Debug|Any CPU
		{1A3BFCDC-DC04-4749-A4A5-76BF67279932}.Debug|Any CPU.Build.0 = Debug|Any CPU
		{1A3BFCDC-DC04-4749-A4A5-76BF67279932}.Release|Any CPU.ActiveCfg = Release|Any CPU
		{1A3BFCDC-DC04-4749-A4A5-76BF67279932}.Release|Any CPU.Build.0 = Release|Any CPU
	EndGlobalSection
	GlobalSection(SolutionProperties) = preSolution
		HideSolutionNode = FALSE
	EndGlobalSection
	GlobalSection(NestedProjects) = preSolution
		{A59A8FB2-DA3E-4CE3-AFC1-CDF4ABC7F5EA} = {DF6DB06D-C9CC-41C1-A93B-E0D402934CD9}
		{0831C3BA-251F-4282-BF7A-5AA57A8525B4} = {614321AC-EF7F-4437-9A5A-E1D6BD0BF472}
		{411163CA-F882-4613-9652-012CC2064FF8} = {614321AC-EF7F-4437-9A5A-E1D6BD0BF472}
		{9094A503-AB4A-4CBC-906E-2EA3568D8EBF} = {256F11E2-88AA-4AF1-B26B-12722FBAE4A0}
		{5FE4FB30-6AA4-40D0-BAFC-F418F7586274} = {FDD90DAA-0515-41DA-BE27-616F7BECC0AA}
		{1A3BFCDC-DC04-4749-A4A5-76BF67279932} = {F15CFB2E-E2B4-485D-A9BD-3680E2D40B61}
	EndGlobalSection
	GlobalSection(ExtensibilityGlobals) = postSolution
		SolutionGuid = {DEA56937-6ACD-4BB9-AE32-7766F3E1658F}
	EndGlobalSection
EndGlobal
